
Microsoft Visual Studio Solution File, Format Version 12.00
# Visual Studio Version 16
VisualStudioVersion = 16.0.30406.217
MinimumVisualStudioVersion = 10.0.40219.1
Project("{FAE04EC0-301F-11D3-BF4B-00C04F79EFBC}") = "NotepadApp", "NotepadApp\NotepadApp.csproj", "{BD34F800-D92B-4FC9-B37C-4F6FF02A6BA8}"
EndProject
Global
	GlobalSection(SolutionConfigurationPlatforms) = preSolution
		Debug|Any CPU = Debug|Any CPU
		Release|Any CPU = Release|Any CPU
	EndGlobalSection
	GlobalSection(ProjectConfigurationPlatforms) = postSolution
		{BD34F800-D92B-4FC9-B37C-4F6FF02A6BA8}.Debug|Any CPU.ActiveCfg = Debug|Any CPU
		{BD34F800-D92B-4FC9-B37C-4F6FF02A6BA8}.Debug|Any CPU.Build.0 = Debug|Any CPU
		{BD34F800-D92B-4FC9-B37C-4F6FF02A6BA8}.Release|Any CPU.ActiveCfg = Release|Any CPU
		{BD34F800-D92B-4FC9-B37C-4F6FF02A6BA8}.Release|Any CPU.Build.0 = Release|Any CPU
	EndGlobalSection
	GlobalSection(SolutionProperties) = preSolution
		HideSolutionNode = FALSE
	EndGlobalSection
	GlobalSection(ExtensibilityGlobals) = postSolution
		SolutionGuid = {EC4248D1-267F-4884-A387-E5E53C24CA35}
	EndGlobalSection
EndGlobal
